{
  "version": 4,
  "terraform_version": "1.7.4",
  "serial": 3,
  "lineage": "8e50cbb7-f2e4-94ad-49a3-4c76ad369ce3",
  "outputs": {},
  "resources": [
    {
      "mode": "managed",
      "type": "aws_vpc",
      "name": "vpc1",
      "provider": "provider[\"registry.terraform.io/hashicorp/aws\"]",
      "instances": [
        {
          "schema_version": 1,
          "attributes": {
            "arn": "arn:aws:ec2:us-east-1:905418375499:vpc/vpc-0f018ebc9e8bea307",
            "assign_generated_ipv6_cidr_block": false,
            "cidr_block": "10.0.0.0/16",
            "default_network_acl_id": "acl-0aa7b80ce88cb2a0a",
            "default_route_table_id": "rtb-048555cf85e41b8ef",
            "default_security_group_id": "sg-046fdcbb1991b83c0",
            "dhcp_options_id": "dopt-0530c4d2a0fd1be91",
            "enable_dns_hostnames": false,
            "enable_dns_support": true,
            "enable_network_address_usage_metrics": false,
            "id": "vpc-0f018ebc9e8bea307",
            "instance_tenancy": "default",
            "ipv4_ipam_pool_id": null,
            "ipv4_netmask_length": null,
            "ipv6_association_id": "",
            "ipv6_cidr_block": "",
            "ipv6_cidr_block_network_border_group": "",
            "ipv6_ipam_pool_id": "",
            "ipv6_netmask_length": 0,
            "main_route_table_id": "rtb-048555cf85e41b8ef",
            "owner_id": "905418375499",
            "tags": {
              "Name": "vpc-aswan"
            },
            "tags_all": {
              "Name": "vpc-aswan"
            }
          },
          "sensitive_attributes": [],
          "private": "eyJzY2hlbWFfdmVyc2lvbiI6IjEifQ=="
        }
      ]
    }
  ],
  "check_results": null
}
